
Microsoft Visual Studio Solution File, Format Version 12.00
# Visual Studio 15
VisualStudioVersion = 15.0.28307.106
MinimumVisualStudioVersion = 10.0.40219.1
Project("{FAE04EC0-301F-11D3-BF4B-00C04F79EFBC}") = "NumberToWordConverter", "Virtusa.CodeTest.NumberToWordConverter\NumberToWordConverter.csproj", "{AFE9691F-5FDA-4864-86A9-D49796D8845B}"
EndProject
Project("{FAE04EC0-301F-11D3-BF4B-00C04F79EFBC}") = "NumberToWordConverterTest", "NumberToWordConverterTest\NumberToWordConverterTest.csproj", "{56C060A4-0BE1-4B97-847A-624E84E91B73}"
EndProject
Global
	GlobalSection(SolutionConfigurationPlatforms) = preSolution
		Debug|Any CPU = Debug|Any CPU
		Release|Any CPU = Release|Any CPU
	EndGlobalSection
	GlobalSection(ProjectConfigurationPlatforms) = postSolution
		{AFE9691F-5FDA-4864-86A9-D49796D8845B}.Debug|Any CPU.ActiveCfg = Debug|Any CPU
		{AFE9691F-5FDA-4864-86A9-D49796D8845B}.Debug|Any CPU.Build.0 = Debug|Any CPU
		{AFE9691F-5FDA-4864-86A9-D49796D8845B}.Release|Any CPU.ActiveCfg = Release|Any CPU
		{AFE9691F-5FDA-4864-86A9-D49796D8845B}.Release|Any CPU.Build.0 = Release|Any CPU
		{56C060A4-0BE1-4B97-847A-624E84E91B73}.Debug|Any CPU.ActiveCfg = Debug|Any CPU
		{56C060A4-0BE1-4B97-847A-624E84E91B73}.Debug|Any CPU.Build.0 = Debug|Any CPU
		{56C060A4-0BE1-4B97-847A-624E84E91B73}.Release|Any CPU.ActiveCfg = Release|Any CPU
		{56C060A4-0BE1-4B97-847A-624E84E91B73}.Release|Any CPU.Build.0 = Release|Any CPU
	EndGlobalSection
	GlobalSection(SolutionProperties) = preSolution
		HideSolutionNode = FALSE
	EndGlobalSection
	GlobalSection(ExtensibilityGlobals) = postSolution
		SolutionGuid = {05C84DEB-4F45-4894-8F96-BFAE2C92C5A7}
	EndGlobalSection
EndGlobal
